
Microsoft Visual Studio Solution File, Format Version 10.00
# Visual Studio 2008
Project("{8BC9CEB8-8B4A-11D0-8D11-00A0C91BC942}") = "opencv", "opencv.vcproj", "{FA047D1E-AFC3-4EF1-B599-4E120E16B4ED}"
EndProject
Global
	GlobalSection(SolutionConfigurationPlatforms) = preSolution
		Debug|Win32 = Debug|Win32
		Release|Win32 = Release|Win32
	EndGlobalSection
	GlobalSection(ProjectConfigurationPlatforms) = postSolution
		{FA047D1E-AFC3-4EF1-B599-4E120E16B4ED}.Debug|Win32.ActiveCfg = Debug|Win32
		{FA047D1E-AFC3-4EF1-B599-4E120E16B4ED}.Debug|Win32.Build.0 = Debug|Win32
		{FA047D1E-AFC3-4EF1-B599-4E120E16B4ED}.Release|Win32.ActiveCfg = Release|Win32
		{FA047D1E-AFC3-4EF1-B599-4E120E16B4ED}.Release|Win32.Build.0 = Release|Win32
	EndGlobalSection
	GlobalSection(SolutionProperties) = preSolution
		HideSolutionNode = FALSE
	EndGlobalSection
EndGlobal
